
Microsoft Visual Studio Solution File, Format Version 12.00
# Visual Studio Version 16
VisualStudioVersion = 16.0.30104.148
MinimumVisualStudioVersion = 10.0.40219.1
Project("{9A19103F-16F7-4668-BE54-9A1E7A4F7556}") = "WebdScadaBackend", "WebdScadaBackend\WebdScadaBackend.csproj", "{3B42E409-7E7D-4D3C-B17C-A57EBCC8F2ED}"
EndProject
Project("{FAE04EC0-301F-11D3-BF4B-00C04F79EFBC}") = "WCFContract", "WCFContract\WCFContract.csproj", "{E6241B7A-35ED-4F3A-B947-5DA440BF057D}"
EndProject
Global
	GlobalSection(SolutionConfigurationPlatforms) = preSolution
		Debug|Any CPU = Debug|Any CPU
		Release|Any CPU = Release|Any CPU
	EndGlobalSection
	GlobalSection(ProjectConfigurationPlatforms) = postSolution
		{3B42E409-7E7D-4D3C-B17C-A57EBCC8F2ED}.Debug|Any CPU.ActiveCfg = Debug|Any CPU
		{3B42E409-7E7D-4D3C-B17C-A57EBCC8F2ED}.Debug|Any CPU.Build.0 = Debug|Any CPU
		{3B42E409-7E7D-4D3C-B17C-A57EBCC8F2ED}.Release|Any CPU.ActiveCfg = Release|Any CPU
		{3B42E409-7E7D-4D3C-B17C-A57EBCC8F2ED}.Release|Any CPU.Build.0 = Release|Any CPU
		{E6241B7A-35ED-4F3A-B947-5DA440BF057D}.Debug|Any CPU.ActiveCfg = Debug|Any CPU
		{E6241B7A-35ED-4F3A-B947-5DA440BF057D}.Debug|Any CPU.Build.0 = Debug|Any CPU
		{E6241B7A-35ED-4F3A-B947-5DA440BF057D}.Release|Any CPU.ActiveCfg = Release|Any CPU
		{E6241B7A-35ED-4F3A-B947-5DA440BF057D}.Release|Any CPU.Build.0 = Release|Any CPU
	EndGlobalSection
	GlobalSection(SolutionProperties) = preSolution
		HideSolutionNode = FALSE
	EndGlobalSection
	GlobalSection(ExtensibilityGlobals) = postSolution
		SolutionGuid = {F9749B0D-EAC9-4297-B157-EA72981403A0}
	EndGlobalSection
EndGlobal
